
Microsoft Visual Studio Solution File, Format Version 12.00
Project("{FAE04EC0-301F-11D3-BF4B-00C04F79EFBC}") = "DbTuning.Tests", "DbTuning.Tests\DbTuning.Tests.csproj", "{030AC3A5-20F1-4F49-8FDB-7D48903C1016}"
EndProject
Project("{FAE04EC0-301F-11D3-BF4B-00C04F79EFBC}") = "DbTuning.Api", "DbTuning.Api\DbTuning.Api.csproj", "{11930A00-A4C8-4AEE-A4C3-DE7D560A7CEA}"
EndProject
Global
	GlobalSection(SolutionConfigurationPlatforms) = preSolution
		Debug|Any CPU = Debug|Any CPU
		Release|Any CPU = Release|Any CPU
	EndGlobalSection
	GlobalSection(ProjectConfigurationPlatforms) = postSolution
		{030AC3A5-20F1-4F49-8FDB-7D48903C1016}.Debug|Any CPU.ActiveCfg = Debug|Any CPU
		{030AC3A5-20F1-4F49-8FDB-7D48903C1016}.Debug|Any CPU.Build.0 = Debug|Any CPU
		{030AC3A5-20F1-4F49-8FDB-7D48903C1016}.Release|Any CPU.ActiveCfg = Release|Any CPU
		{030AC3A5-20F1-4F49-8FDB-7D48903C1016}.Release|Any CPU.Build.0 = Release|Any CPU
		{11930A00-A4C8-4AEE-A4C3-DE7D560A7CEA}.Debug|Any CPU.ActiveCfg = Debug|Any CPU
		{11930A00-A4C8-4AEE-A4C3-DE7D560A7CEA}.Debug|Any CPU.Build.0 = Debug|Any CPU
		{11930A00-A4C8-4AEE-A4C3-DE7D560A7CEA}.Release|Any CPU.ActiveCfg = Release|Any CPU
		{11930A00-A4C8-4AEE-A4C3-DE7D560A7CEA}.Release|Any CPU.Build.0 = Release|Any CPU
	EndGlobalSection
EndGlobal
